
Microsoft Visual Studio Solution File, Format Version 12.00
# Visual Studio Version 16
VisualStudioVersion = 16.0.31515.178
MinimumVisualStudioVersion = 10.0.40219.1
Project("{FAE04EC0-301F-11D3-BF4B-00C04F79EFBC}") = "Assignment_3_6", "Assignment_3_6\Assignment_3_6.csproj", "{0A1EE7EE-E1DB-4914-9A30-E0AF98B4CE0A}"
EndProject
Global
	GlobalSection(SolutionConfigurationPlatforms) = preSolution
		Debug|Any CPU = Debug|Any CPU
		Release|Any CPU = Release|Any CPU
	EndGlobalSection
	GlobalSection(ProjectConfigurationPlatforms) = postSolution
		{0A1EE7EE-E1DB-4914-9A30-E0AF98B4CE0A}.Debug|Any CPU.ActiveCfg = Debug|Any CPU
		{0A1EE7EE-E1DB-4914-9A30-E0AF98B4CE0A}.Debug|Any CPU.Build.0 = Debug|Any CPU
		{0A1EE7EE-E1DB-4914-9A30-E0AF98B4CE0A}.Release|Any CPU.ActiveCfg = Release|Any CPU
		{0A1EE7EE-E1DB-4914-9A30-E0AF98B4CE0A}.Release|Any CPU.Build.0 = Release|Any CPU
	EndGlobalSection
	GlobalSection(SolutionProperties) = preSolution
		HideSolutionNode = FALSE
	EndGlobalSection
	GlobalSection(ExtensibilityGlobals) = postSolution
		SolutionGuid = {FF65BA84-7BB1-40BC-B56B-659802C9D8DA}
	EndGlobalSection
EndGlobal
