
Microsoft Visual Studio Solution File, Format Version 11.00
# Visual Studio 2010
Project("{FAE04EC0-301F-11D3-BF4B-00C04F79EFBC}") = "Program_4", "Program_4\Program_4.csproj", "{13AAA5B3-2DE4-4E62-8906-23D76898782B}"
EndProject
Global
	GlobalSection(SolutionConfigurationPlatforms) = preSolution
		Debug|Any CPU = Debug|Any CPU
		Release|Any CPU = Release|Any CPU
	EndGlobalSection
	GlobalSection(ProjectConfigurationPlatforms) = postSolution
		{13AAA5B3-2DE4-4E62-8906-23D76898782B}.Debug|Any CPU.ActiveCfg = Debug|Any CPU
		{13AAA5B3-2DE4-4E62-8906-23D76898782B}.Debug|Any CPU.Build.0 = Debug|Any CPU
		{13AAA5B3-2DE4-4E62-8906-23D76898782B}.Release|Any CPU.ActiveCfg = Release|Any CPU
		{13AAA5B3-2DE4-4E62-8906-23D76898782B}.Release|Any CPU.Build.0 = Release|Any CPU
	EndGlobalSection
	GlobalSection(SolutionProperties) = preSolution
		HideSolutionNode = FALSE
	EndGlobalSection
EndGlobal
